PODS:
  - kMusicSwift (0.1.0):
    - SwiftAudioPlayer
  - SwiftAudioPlayer (7.6.0)

DEPENDENCIES:
  - kMusicSwift (from `../`)

SPEC REPOS:
  trunk:
    - SwiftAudioPlayer

EXTERNAL SOURCES:
  kMusicSwift:
    :path: "../"

SPEC CHECKSUMS:
  kMusicSwift: 4cf8f629a3ee0f3cf6bd36beb0bf14a42954c028
  SwiftAudioPlayer: a546709faf47f3ab0cb59e41ba4432e6bb61db0a

PODFILE CHECKSUM: 56b5c5cd8a151468f127f587a453ddd32157520d

COCOAPODS: 1.11.2
