PODS:
  - kMusicSwift (0.1.0):
    - SwiftAudioPlayerKuama (~> 7.6.3)
  - SwiftAudioPlayerKuama (7.6.3)

DEPENDENCIES:
  - kMusicSwift (from `../`)

SPEC REPOS:
  trunk:
    - SwiftAudioPlayerKuama

EXTERNAL SOURCES:
  kMusicSwift:
    :path: "../"

SPEC CHECKSUMS:
  kMusicSwift: 624ed1343cd23a7350952dc21363f5fe3631c353
  SwiftAudioPlayerKuama: 90edf9b57052ffd7fa3977da66c22380621e394a

PODFILE CHECKSUM: 56b5c5cd8a151468f127f587a453ddd32157520d

COCOAPODS: 1.11.3
